
Microsoft Visual Studio Solution File, Format Version 12.00
# Visual Studio Version 17
VisualStudioVersion = 17.0.31903.59
MinimumVisualStudioVersion = 10.0.40219.1
Project("{FAE04EC0-301F-11D3-BF4B-00C04F79EFBC}") = "Core", "Core\Core.csproj", "{77D874A7-2A94-45EB-974B-528E41EA22D9}"
EndProject
Project("{FAE04EC0-301F-11D3-BF4B-00C04F79EFBC}") = "Infrastructure", "Infrastructure\Infrastructure.csproj", "{E222962D-2244-4186-92F4-259FA06ABDAF}"
EndProject
Project("{FAE04EC0-301F-11D3-BF4B-00C04F79EFBC}") = "API", "API\API.csproj", "{B132A0D7-B6DB-456C-8615-2CD1125B5101}"
EndProject
Global
	GlobalSection(SolutionConfigurationPlatforms) = preSolution
		Debug|Any CPU = Debug|Any CPU
		Release|Any CPU = Release|Any CPU
	EndGlobalSection
	GlobalSection(SolutionProperties) = preSolution
		HideSolutionNode = FALSE
	EndGlobalSection
	GlobalSection(ProjectConfigurationPlatforms) = postSolution
		{77D874A7-2A94-45EB-974B-528E41EA22D9}.Debug|Any CPU.ActiveCfg = Debug|Any CPU
		{77D874A7-2A94-45EB-974B-528E41EA22D9}.Debug|Any CPU.Build.0 = Debug|Any CPU
		{77D874A7-2A94-45EB-974B-528E41EA22D9}.Release|Any CPU.ActiveCfg = Release|Any CPU
		{77D874A7-2A94-45EB-974B-528E41EA22D9}.Release|Any CPU.Build.0 = Release|Any CPU
		{E222962D-2244-4186-92F4-259FA06ABDAF}.Debug|Any CPU.ActiveCfg = Debug|Any CPU
		{E222962D-2244-4186-92F4-259FA06ABDAF}.Debug|Any CPU.Build.0 = Debug|Any CPU
		{E222962D-2244-4186-92F4-259FA06ABDAF}.Release|Any CPU.ActiveCfg = Release|Any CPU
		{E222962D-2244-4186-92F4-259FA06ABDAF}.Release|Any CPU.Build.0 = Release|Any CPU
		{B132A0D7-B6DB-456C-8615-2CD1125B5101}.Debug|Any CPU.ActiveCfg = Debug|Any CPU
		{B132A0D7-B6DB-456C-8615-2CD1125B5101}.Debug|Any CPU.Build.0 = Debug|Any CPU
		{B132A0D7-B6DB-456C-8615-2CD1125B5101}.Release|Any CPU.ActiveCfg = Release|Any CPU
		{B132A0D7-B6DB-456C-8615-2CD1125B5101}.Release|Any CPU.Build.0 = Release|Any CPU
	EndGlobalSection
EndGlobal
